// !$*UTF8*$!
{
	archiveVersion = 1;
	classes = {
	};
	objectVersion = 50;
	objects = {

/* Begin PBXBuildFile section */
		9BAFBD9524A735D1005C3BDA /* FuelInfoData.swift in Sources */ = {isa = PBXBuildFile; fileRef = 9BAFBD9224A735D1005C3BDA /* FuelInfoData.swift */; };
		9BAFBD9624A735D1005C3BDA /* FuelInfoCodable.swift in Sources */ = {isa = PBXBuildFile; fileRef = 9BAFBD9324A735D1005C3BDA /* FuelInfoCodable.swift */; };
		9BAFBD9724A735D1005C3BDA /* LoadFuelInfo.swift in Sources */ = {isa = PBXBuildFile; fileRef = 9BAFBD9424A735D1005C3BDA /* LoadFuelInfo.swift */; };
		9BAFBD9924A7369D005C3BDA /* .gitattributes in Resources */ = {isa = PBXBuildFile; fileRef = 9BAFBD9824A7369D005C3BDA /* .gitattributes */; };
		9BAFBD9D24A7A2DC005C3BDA /* ExtensionString.swift in Sources */ = {isa = PBXBuildFile; fileRef = 9BAFBD9C24A7A2DC005C3BDA /* ExtensionString.swift */; };
		9BAFBD9F24A7D6B2005C3BDA /* LoadBikeInfo.swift in Sources */ = {isa = PBXBuildFile; fileRef = 9BAFBD9E24A7D6B2005C3BDA /* LoadBikeInfo.swift */; };
		9BAFBDA224A7D6EF005C3BDA /* PairStructure.swift in Sources */ = {isa = PBXBuildFile; fileRef = 9BAFBDA124A7D6EF005C3BDA /* PairStructure.swift */; };
		9BAFBDA624A83932005C3BDA /* BikeInfoData.swift in Sources */ = {isa = PBXBuildFile; fileRef = 9BAFBDA524A83932005C3BDA /* BikeInfoData.swift */; };
		9BAFBDAB24A8A5A5005C3BDA /* MaintenanceOptions.swift in Sources */ = {isa = PBXBuildFile; fileRef = 9BAFBDAA24A8A5A5005C3BDA /* MaintenanceOptions.swift */; };
		9BE902E42493C21B001C35EE /* AppDelegate.swift in Sources */ = {isa = PBXBuildFile; fileRef = 9BE902E32493C21B001C35EE /* AppDelegate.swift */; };
		9BE902E62493C21B001C35EE /* SceneDelegate.swift in Sources */ = {isa = PBXBuildFile; fileRef = 9BE902E52493C21B001C35EE /* SceneDelegate.swift */; };
		9BE902E92493C21B001C35EE /* IOS_Project.xcdatamodeld in Sources */ = {isa = PBXBuildFile; fileRef = 9BE902E72493C21B001C35EE /* IOS_Project.xcdatamodeld */; };
		9BE902EB2493C21B001C35EE /* ContentView.swift in Sources */ = {isa = PBXBuildFile; fileRef = 9BE902EA2493C21B001C35EE /* ContentView.swift */; };
		9BE902ED2493C21C001C35EE /* Assets.xcassets in Resources */ = {isa = PBXBuildFile; fileRef = 9BE902EC2493C21C001C35EE /* Assets.xcassets */; };
		9BE902F02493C21C001C35EE /* Preview Assets.xcassets in Resources */ = {isa = PBXBuildFile; fileRef = 9BE902EF2493C21C001C35EE /* Preview Assets.xcassets */; };
		9BE902F32493C21C001C35EE /* LaunchScreen.storyboard in Resources */ = {isa = PBXBuildFile; fileRef = 9BE902F12493C21C001C35EE /* LaunchScreen.storyboard */; };
		9BE902FB24954A4F001C35EE /* HomeView.swift in Sources */ = {isa = PBXBuildFile; fileRef = 9BE902FA24954A4F001C35EE /* HomeView.swift */; };
		9BE902FD24955182001C35EE /* MaintenanceManage.swift in Sources */ = {isa = PBXBuildFile; fileRef = 9BE902FC24955182001C35EE /* MaintenanceManage.swift */; };
		9BE902FF2495C589001C35EE /* FuelManage.swift in Sources */ = {isa = PBXBuildFile; fileRef = 9BE902FE2495C589001C35EE /* FuelManage.swift */; };
		9BE903012495C7FD001C35EE /* BikeReport.swift in Sources */ = {isa = PBXBuildFile; fileRef = 9BE903002495C7FD001C35EE /* BikeReport.swift */; };
		9BE90307249691A3001C35EE /* MaintenanceAddView.swift in Sources */ = {isa = PBXBuildFile; fileRef = 9BE90306249691A3001C35EE /* MaintenanceAddView.swift */; };
		9BE9030924969D1E001C35EE /* FuelAddView.swift in Sources */ = {isa = PBXBuildFile; fileRef = 9BE9030824969D1E001C35EE /* FuelAddView.swift */; };
		9BE9030C24969DF8001C35EE /* AddViewComponent.swift in Sources */ = {isa = PBXBuildFile; fileRef = 9BE9030B24969DF8001C35EE /* AddViewComponent.swift */; };
		DF2059BA24A898CB003380DD /* FuelRowElement.swift in Sources */ = {isa = PBXBuildFile; fileRef = DF2059B924A898CB003380DD /* FuelRowElement.swift */; };
		DF2059BC24A898E0003380DD /* FuelManageViewModel.swift in Sources */ = {isa = PBXBuildFile; fileRef = DF2059BB24A898E0003380DD /* FuelManageViewModel.swift */; };
		DF2059BE24A8F84D003380DD /* MaintenaceDetailView.swift in Sources */ = {isa = PBXBuildFile; fileRef = DF2059BD24A8F84D003380DD /* MaintenaceDetailView.swift */; };
		DF2059C024A9099C003380DD /* FuelDetailView.swift in Sources */ = {isa = PBXBuildFile; fileRef = DF2059BF24A9099C003380DD /* FuelDetailView.swift */; };
		DF56C43324A514F80068CC35 /* MaintenaceRowElement.swift in Sources */ = {isa = PBXBuildFile; fileRef = DF56C43224A514F80068CC35 /* MaintenaceRowElement.swift */; };
		DF56C43C24A609030068CC35 /* CoreDataManager.swift in Sources */ = {isa = PBXBuildFile; fileRef = DF56C43B24A609030068CC35 /* CoreDataManager.swift */; };
		DF56C43E24A609E30068CC35 /* NSManagedObjectContextExtensions.swift in Sources */ = {isa = PBXBuildFile; fileRef = DF56C43D24A609E30068CC35 /* NSManagedObjectContextExtensions.swift */; };
		DF56C44124A610E50068CC35 /* MaintenanceManageViewModel.swift in Sources */ = {isa = PBXBuildFile; fileRef = DF56C44024A610E50068CC35 /* MaintenanceManageViewModel.swift */; };
/* End PBXBuildFile section */

/* Begin PBXFileReference section */
		9BAFBD9224A735D1005C3BDA /* FuelInfoData.swift */ = {isa = PBXFileReference; fileEncoding = 4; lastKnownFileType = sourcecode.swift; path = FuelInfoData.swift; sourceTree = "<group>"; };
		9BAFBD9324A735D1005C3BDA /* FuelInfoCodable.swift */ = {isa = PBXFileReference; fileEncoding = 4; lastKnownFileType = sourcecode.swift; path = FuelInfoCodable.swift; sourceTree = "<group>"; };
		9BAFBD9424A735D1005C3BDA /* LoadFuelInfo.swift */ = {isa = PBXFileReference; fileEncoding = 4; lastKnownFileType = sourcecode.swift; path = LoadFuelInfo.swift; sourceTree = "<group>"; };
		9BAFBD9824A7369D005C3BDA /* .gitattributes */ = {isa = PBXFileReference; lastKnownFileType = text; path = .gitattributes; sourceTree = "<group>"; };
		9BAFBD9C24A7A2DC005C3BDA /* ExtensionString.swift */ = {isa = PBXFileReference; lastKnownFileType = sourcecode.swift; path = ExtensionString.swift; sourceTree = "<group>"; };
		9BAFBD9E24A7D6B2005C3BDA /* LoadBikeInfo.swift */ = {isa = PBXFileReference; lastKnownFileType = sourcecode.swift; path = LoadBikeInfo.swift; sourceTree = "<group>"; };
		9BAFBDA124A7D6EF005C3BDA /* PairStructure.swift */ = {isa = PBXFileReference; lastKnownFileType = sourcecode.swift; path = PairStructure.swift; sourceTree = "<group>"; };
		9BAFBDA524A83932005C3BDA /* BikeInfoData.swift */ = {isa = PBXFileReference; lastKnownFileType = sourcecode.swift; path = BikeInfoData.swift; sourceTree = "<group>"; };
		9BAFBDAA24A8A5A5005C3BDA /* MaintenanceOptions.swift */ = {isa = PBXFileReference; lastKnownFileType = sourcecode.swift; path = MaintenanceOptions.swift; sourceTree = "<group>"; };
		9BE902E02493C21B001C35EE /* Rider Assistant.app */ = {isa = PBXFileReference; explicitFileType = wrapper.application; includeInIndex = 0; path = "Rider Assistant.app"; sourceTree = BUILT_PRODUCTS_DIR; };
		9BE902E32493C21B001C35EE /* AppDelegate.swift */ = {isa = PBXFileReference; lastKnownFileType = sourcecode.swift; path = AppDelegate.swift; sourceTree = "<group>"; };
		9BE902E52493C21B001C35EE /* SceneDelegate.swift */ = {isa = PBXFileReference; lastKnownFileType = sourcecode.swift; path = SceneDelegate.swift; sourceTree = "<group>"; };
		9BE902E82493C21B001C35EE /* IOS_Project.xcdatamodel */ = {isa = PBXFileReference; lastKnownFileType = wrapper.xcdatamodel; path = IOS_Project.xcdatamodel; sourceTree = "<group>"; };
		9BE902EA2493C21B001C35EE /* ContentView.swift */ = {isa = PBXFileReference; lastKnownFileType = sourcecode.swift; path = ContentView.swift; sourceTree = "<group>"; };
		9BE902EC2493C21C001C35EE /* Assets.xcassets */ = {isa = PBXFileReference; lastKnownFileType = folder.assetcatalog; path = Assets.xcassets; sourceTree = "<group>"; };
		9BE902EF2493C21C001C35EE /* Preview Assets.xcassets */ = {isa = PBXFileReference; lastKnownFileType = folder.assetcatalog; path = "Preview Assets.xcassets"; sourceTree = "<group>"; };
		9BE902F22493C21C001C35EE /* Base */ = {isa = PBXFileReference; lastKnownFileType = file.storyboard; name = Base; path = Base.lproj/LaunchScreen.storyboard; sourceTree = "<group>"; };
		9BE902F42493C21C001C35EE /* Info.plist */ = {isa = PBXFileReference; lastKnownFileType = text.plist.xml; path = Info.plist; sourceTree = "<group>"; };
		9BE902FA24954A4F001C35EE /* HomeView.swift */ = {isa = PBXFileReference; lastKnownFileType = sourcecode.swift; path = HomeView.swift; sourceTree = "<group>"; };
		9BE902FC24955182001C35EE /* MaintenanceManage.swift */ = {isa = PBXFileReference; lastKnownFileType = sourcecode.swift; path = MaintenanceManage.swift; sourceTree = "<group>"; };
		9BE902FE2495C589001C35EE /* FuelManage.swift */ = {isa = PBXFileReference; lastKnownFileType = sourcecode.swift; path = FuelManage.swift; sourceTree = "<group>"; };
		9BE903002495C7FD001C35EE /* BikeReport.swift */ = {isa = PBXFileReference; lastKnownFileType = sourcecode.swift; path = BikeReport.swift; sourceTree = "<group>"; };
		9BE90306249691A3001C35EE /* MaintenanceAddView.swift */ = {isa = PBXFileReference; lastKnownFileType = sourcecode.swift; path = MaintenanceAddView.swift; sourceTree = "<group>"; };
		9BE9030824969D1E001C35EE /* FuelAddView.swift */ = {isa = PBXFileReference; lastKnownFileType = sourcecode.swift; path = FuelAddView.swift; sourceTree = "<group>"; };
		9BE9030B24969DF8001C35EE /* AddViewComponent.swift */ = {isa = PBXFileReference; lastKnownFileType = sourcecode.swift; path = AddViewComponent.swift; sourceTree = "<group>"; };
		DF2059B924A898CB003380DD /* FuelRowElement.swift */ = {isa = PBXFileReference; fileEncoding = 4; lastKnownFileType = sourcecode.swift; path = FuelRowElement.swift; sourceTree = "<group>"; };
		DF2059BB24A898E0003380DD /* FuelManageViewModel.swift */ = {isa = PBXFileReference; fileEncoding = 4; lastKnownFileType = sourcecode.swift; path = FuelManageViewModel.swift; sourceTree = "<group>"; };
		DF2059BD24A8F84D003380DD /* MaintenaceDetailView.swift */ = {isa = PBXFileReference; lastKnownFileType = sourcecode.swift; path = MaintenaceDetailView.swift; sourceTree = "<group>"; };
		DF2059BF24A9099C003380DD /* FuelDetailView.swift */ = {isa = PBXFileReference; lastKnownFileType = sourcecode.swift; path = FuelDetailView.swift; sourceTree = "<group>"; };
		DF56C43224A514F80068CC35 /* MaintenaceRowElement.swift */ = {isa = PBXFileReference; lastKnownFileType = sourcecode.swift; path = MaintenaceRowElement.swift; sourceTree = "<group>"; };
		DF56C43B24A609030068CC35 /* CoreDataManager.swift */ = {isa = PBXFileReference; lastKnownFileType = sourcecode.swift; path = CoreDataManager.swift; sourceTree = "<group>"; };
		DF56C43D24A609E30068CC35 /* NSManagedObjectContextExtensions.swift */ = {isa = PBXFileReference; lastKnownFileType = sourcecode.swift; path = NSManagedObjectContextExtensions.swift; sourceTree = "<group>"; };
		DF56C44024A610E50068CC35 /* MaintenanceManageViewModel.swift */ = {isa = PBXFileReference; lastKnownFileType = sourcecode.swift; path = MaintenanceManageViewModel.swift; sourceTree = "<group>"; };
/* End PBXFileReference section */

/* Begin PBXFrameworksBuildPhase section */
		9BE902DD2493C21B001C35EE /* Frameworks */ = {
			isa = PBXFrameworksBuildPhase;
			buildActionMask = 2147483647;
			files = (
			);
			runOnlyForDeploymentPostprocessing = 0;
		};
/* End PBXFrameworksBuildPhase section */

/* Begin PBXGroup section */
		9BAFBD9124A735D1005C3BDA /* FuelInfo */ = {
			isa = PBXGroup;
			children = (
				9BAFBD9224A735D1005C3BDA /* FuelInfoData.swift */,
				9BAFBD9324A735D1005C3BDA /* FuelInfoCodable.swift */,
				9BAFBD9424A735D1005C3BDA /* LoadFuelInfo.swift */,
			);
			path = FuelInfo;
			sourceTree = "<group>";
		};
		9BAFBDA024A7D6C7005C3BDA /* BikeInfo */ = {
			isa = PBXGroup;
			children = (
				9BAFBD9E24A7D6B2005C3BDA /* LoadBikeInfo.swift */,
				9BAFBDA124A7D6EF005C3BDA /* PairStructure.swift */,
				9BAFBDA524A83932005C3BDA /* BikeInfoData.swift */,
			);
			path = BikeInfo;
			sourceTree = "<group>";
		};
		9BE902D72493C21B001C35EE = {
			isa = PBXGroup;
			children = (
				9BAFBD9824A7369D005C3BDA /* .gitattributes */,
				9BE902E22493C21B001C35EE /* IOS Project */,
				9BE902E12493C21B001C35EE /* Products */,
			);
			sourceTree = "<group>";
		};
		9BE902E12493C21B001C35EE /* Products */ = {
			isa = PBXGroup;
			children = (
				9BE902E02493C21B001C35EE /* Rider Assistant.app */,
			);
			name = Products;
			sourceTree = "<group>";
		};
		9BE902E22493C21B001C35EE /* IOS Project */ = {
			isa = PBXGroup;
			children = (
				9BAFBDA024A7D6C7005C3BDA /* BikeInfo */,
				9BAFBD9124A735D1005C3BDA /* FuelInfo */,
				DF56C44224A731080068CC35 /* View */,
				DF56C42F24A4BF5A0068CC35 /* Utility */,
				9BE902E52493C21B001C35EE /* SceneDelegate.swift */,
				9BE902E32493C21B001C35EE /* AppDelegate.swift */,
				9BE902EC2493C21C001C35EE /* Assets.xcassets */,
				9BE902F12493C21C001C35EE /* LaunchScreen.storyboard */,
				9BE902F42493C21C001C35EE /* Info.plist */,
				9BE902E72493C21B001C35EE /* IOS_Project.xcdatamodeld */,
				9BE902EE2493C21C001C35EE /* Preview Content */,
			);
			path = "IOS Project";
			sourceTree = "<group>";
		};
		9BE902EE2493C21C001C35EE /* Preview Content */ = {
			isa = PBXGroup;
			children = (
				9BE902EF2493C21C001C35EE /* Preview Assets.xcassets */,
			);
			path = "Preview Content";
			sourceTree = "<group>";
		};
		9BE90302249690FD001C35EE /* MaintenanceManage */ = {
			isa = PBXGroup;
			children = (
				9BE902FC24955182001C35EE /* MaintenanceManage.swift */,
				9BE90306249691A3001C35EE /* MaintenanceAddView.swift */,
				DF56C43224A514F80068CC35 /* MaintenaceRowElement.swift */,
				DF2059BD24A8F84D003380DD /* MaintenaceDetailView.swift */,
			);
			path = MaintenanceManage;
			sourceTree = "<group>";
		};
		9BE9030324969129001C35EE /* FuelManage */ = {
			isa = PBXGroup;
			children = (
				DF2059B924A898CB003380DD /* FuelRowElement.swift */,
				9BE902FE2495C589001C35EE /* FuelManage.swift */,
				9BE9030824969D1E001C35EE /* FuelAddView.swift */,
				DF2059BF24A9099C003380DD /* FuelDetailView.swift */,
			);
			path = FuelManage;
			sourceTree = "<group>";
		};
		9BE9030424969138001C35EE /* BikeReport */ = {
			isa = PBXGroup;
			children = (
				9BE903002495C7FD001C35EE /* BikeReport.swift */,
			);
			path = BikeReport;
			sourceTree = "<group>";
		};
		9BE9030524969143001C35EE /* Home */ = {
			isa = PBXGroup;
			children = (
				9BE902FA24954A4F001C35EE /* HomeView.swift */,
			);
			path = Home;
			sourceTree = "<group>";
		};
		9BE9030A24969DDD001C35EE /* Common */ = {
			isa = PBXGroup;
			children = (
				9BE9030B24969DF8001C35EE /* AddViewComponent.swift */,
			);
			path = Common;
			sourceTree = "<group>";
		};
		DF56C42F24A4BF5A0068CC35 /* Utility */ = {
			isa = PBXGroup;
			children = (
				DF56C43B24A609030068CC35 /* CoreDataManager.swift */,
				DF56C43D24A609E30068CC35 /* NSManagedObjectContextExtensions.swift */,
				9BAFBD9C24A7A2DC005C3BDA /* ExtensionString.swift */,
				9BAFBDAA24A8A5A5005C3BDA /* MaintenanceOptions.swift */,
			);
			path = Utility;
			sourceTree = "<group>";
		};
		DF56C43F24A610780068CC35 /* ViewModel */ = {
			isa = PBXGroup;
			children = (
				DF2059BB24A898E0003380DD /* FuelManageViewModel.swift */,
				DF56C44024A610E50068CC35 /* MaintenanceManageViewModel.swift */,
			);
			path = ViewModel;
			sourceTree = "<group>";
		};
		DF56C44224A731080068CC35 /* View */ = {
			isa = PBXGroup;
			children = (
				9BE9030A24969DDD001C35EE /* Common */,
				DF56C43F24A610780068CC35 /* ViewModel */,
				9BE9030524969143001C35EE /* Home */,
				9BE9030424969138001C35EE /* BikeReport */,
				9BE9030324969129001C35EE /* FuelManage */,
				9BE90302249690FD001C35EE /* MaintenanceManage */,
				9BE902EA2493C21B001C35EE /* ContentView.swift */,
			);
			path = View;
			sourceTree = "<group>";
		};
/* End PBXGroup section */

/* Begin PBXNativeTarget section */
		9BE902DF2493C21B001C35EE /* Rider Assistant */ = {
			isa = PBXNativeTarget;
			buildConfigurationList = 9BE902F72493C21C001C35EE /* Build configuration list for PBXNativeTarget "Rider Assistant" */;
			buildPhases = (
				9BE902DC2493C21B001C35EE /* Sources */,
				9BE902DD2493C21B001C35EE /* Frameworks */,
				9BE902DE2493C21B001C35EE /* Resources */,
			);
			buildRules = (
			);
			dependencies = (
			);
			name = "Rider Assistant";
			productName = "IOS Project";
			productReference = 9BE902E02493C21B001C35EE /* Rider Assistant.app */;
			productType = "com.apple.product-type.application";
		};
/* End PBXNativeTarget section */

/* Begin PBXProject section */
		9BE902D82493C21B001C35EE /* Project object */ = {
			isa = PBXProject;
			attributes = {
				LastSwiftUpdateCheck = 1130;
				LastUpgradeCheck = 1130;
				ORGANIZATIONNAME = KaiHuang;
				TargetAttributes = {
					9BE902DF2493C21B001C35EE = {
						CreatedOnToolsVersion = 11.3.1;
					};
				};
			};
			buildConfigurationList = 9BE902DB2493C21B001C35EE /* Build configuration list for PBXProject "Rider Assistant" */;
			compatibilityVersion = "Xcode 9.3";
			developmentRegion = en;
			hasScannedForEncodings = 0;
			knownRegions = (
				en,
				Base,
			);
			mainGroup = 9BE902D72493C21B001C35EE;
			productRefGroup = 9BE902E12493C21B001C35EE /* Products */;
			projectDirPath = "";
			projectRoot = "";
			targets = (
				9BE902DF2493C21B001C35EE /* Rider Assistant */,
			);
		};
/* End PBXProject section */

/* Begin PBXResourcesBuildPhase section */
		9BE902DE2493C21B001C35EE /* Resources */ = {
			isa = PBXResourcesBuildPhase;
			buildActionMask = 2147483647;
			files = (
				9BE902F32493C21C001C35EE /* LaunchScreen.storyboard in Resources */,
				9BE902F02493C21C001C35EE /* Preview Assets.xcassets in Resources */,
				9BE902ED2493C21C001C35EE /* Assets.xcassets in Resources */,
				9BAFBD9924A7369D005C3BDA /* .gitattributes in Resources */,
			);
			runOnlyForDeploymentPostprocessing = 0;
		};
/* End PBXResourcesBuildPhase section */

/* Begin PBXSourcesBuildPhase section */
		9BE902DC2493C21B001C35EE /* Sources */ = {
			isa = PBXSourcesBuildPhase;
			buildActionMask = 2147483647;
			files = (
				9BAFBDA224A7D6EF005C3BDA /* PairStructure.swift in Sources */,
				9BE902E42493C21B001C35EE /* AppDelegate.swift in Sources */,
				9BAFBD9524A735D1005C3BDA /* FuelInfoData.swift in Sources */,
				DF56C43E24A609E30068CC35 /* NSManagedObjectContextExtensions.swift in Sources */,
				9BAFBD9624A735D1005C3BDA /* FuelInfoCodable.swift in Sources */,
				9BE902E62493C21B001C35EE /* SceneDelegate.swift in Sources */,
				DF2059C024A9099C003380DD /* FuelDetailView.swift in Sources */,
				DF2059BE24A8F84D003380DD /* MaintenaceDetailView.swift in Sources */,
				9BE903012495C7FD001C35EE /* BikeReport.swift in Sources */,
				9BE902EB2493C21B001C35EE /* ContentView.swift in Sources */,
				9BAFBDA624A83932005C3BDA /* BikeInfoData.swift in Sources */,
				9BAFBD9D24A7A2DC005C3BDA /* ExtensionString.swift in Sources */,
				DF2059BA24A898CB003380DD /* FuelRowElement.swift in Sources */,
				DF56C43324A514F80068CC35 /* MaintenaceRowElement.swift in Sources */,
				9BE9030924969D1E001C35EE /* FuelAddView.swift in Sources */,
				9BE902FB24954A4F001C35EE /* HomeView.swift in Sources */,
				DF56C43C24A609030068CC35 /* CoreDataManager.swift in Sources */,
				9BAFBD9F24A7D6B2005C3BDA /* LoadBikeInfo.swift in Sources */,
				9BAFBD9724A735D1005C3BDA /* LoadFuelInfo.swift in Sources */,
				9BE9030C24969DF8001C35EE /* AddViewComponent.swift in Sources */,
				9BAFBDAB24A8A5A5005C3BDA /* MaintenanceOptions.swift in Sources */,
				9BE902FF2495C589001C35EE /* FuelManage.swift in Sources */,
				9BE902FD24955182001C35EE /* MaintenanceManage.swift in Sources */,
				9BE902E92493C21B001C35EE /* IOS_Project.xcdatamodeld in Sources */,
				DF2059BC24A898E0003380DD /* FuelManageViewModel.swift in Sources */,
				9BE90307249691A3001C35EE /* MaintenanceAddView.swift in Sources */,
				DF56C44124A610E50068CC35 /* MaintenanceManageViewModel.swift in Sources */,
			);
			runOnlyForDeploymentPostprocessing = 0;
		};
/* End PBXSourcesBuildPhase section */

/* Begin PBXVariantGroup section */
		9BE902F12493C21C001C35EE /* LaunchScreen.storyboard */ = {
			isa = PBXVariantGroup;
			children = (
				9BE902F22493C21C001C35EE /* Base */,
			);
			name = LaunchScreen.storyboard;
			sourceTree = "<group>";
		};
/* End PBXVariantGroup section */

/* Begin XCBuildConfiguration section */
		9BE902F52493C21C001C35EE /* Debug */ = {
			isa = XCBuildConfiguration;
			buildSettings = {
				ALWAYS_SEARCH_USER_PATHS = NO;
				CLANG_ANALYZER_NONNULL = YES;
				CLANG_ANALYZER_NUMBER_OBJECT_CONVERSION = YES_AGGRESSIVE;
				CLANG_CXX_LANGUAGE_STANDARD = "gnu++14";
				CLANG_CXX_LIBRARY = "libc++";
				CLANG_ENABLE_MODULES = YES;
				CLANG_ENABLE_OBJC_ARC = YES;
				CLANG_ENABLE_OBJC_WEAK = YES;
				CLANG_WARN_BLOCK_CAPTURE_AUTORELEASING = YES;
				CLANG_WARN_BOOL_CONVERSION = YES;
				CLANG_WARN_COMMA = YES;
				CLANG_WARN_CONSTANT_CONVERSION = YES;
				CLANG_WARN_DEPRECATED_OBJC_IMPLEMENTATIONS = YES;
				CLANG_WARN_DIRECT_OBJC_ISA_USAGE = YES_ERROR;
				CLANG_WARN_DOCUMENTATION_COMMENTS = YES;
				CLANG_WARN_EMPTY_BODY = YES;
				CLANG_WARN_ENUM_CONVERSION = YES;
				CLANG_WARN_INFINITE_RECURSION = YES;
				CLANG_WARN_INT_CONVERSION = YES;
				CLANG_WARN_NON_LITERAL_NULL_CONVERSION = YES;
				CLANG_WARN_OBJC_IMPLICIT_RETAIN_SELF = YES;
				CLANG_WARN_OBJC_LITERAL_CONVERSION = YES;
				CLANG_WARN_OBJC_ROOT_CLASS = YES_ERROR;
				CLANG_WARN_RANGE_LOOP_ANALYSIS = YES;
				CLANG_WARN_STRICT_PROTOTYPES = YES;
				CLANG_WARN_SUSPICIOUS_MOVE = YES;
				CLANG_WARN_UNGUARDED_AVAILABILITY = YES_AGGRESSIVE;
				CLANG_WARN_UNREACHABLE_CODE = YES;
				CLANG_WARN__DUPLICATE_METHOD_MATCH = YES;
				COPY_PHASE_STRIP = NO;
				DEBUG_INFORMATION_FORMAT = dwarf;
				ENABLE_STRICT_OBJC_MSGSEND = YES;
				ENABLE_TESTABILITY = YES;
				GCC_C_LANGUAGE_STANDARD = gnu11;
				GCC_DYNAMIC_NO_PIC = NO;
				GCC_NO_COMMON_BLOCKS = YES;
				GCC_OPTIMIZATION_LEVEL = 0;
				GCC_PREPROCESSOR_DEFINITIONS = (
					"DEBUG=1",
					"$(inherited)",
				);
				GCC_WARN_64_TO_32_BIT_CONVERSION = YES;
				GCC_WARN_ABOUT_RETURN_TYPE = YES_ERROR;
				GCC_WARN_UNDECLARED_SELECTOR = YES;
				GCC_WARN_UNINITIALIZED_AUTOS = YES_AGGRESSIVE;
				GCC_WARN_UNUSED_FUNCTION = YES;
				GCC_WARN_UNUSED_VARIABLE = YES;
				IPHONEOS_DEPLOYMENT_TARGET = 13.2;
				MTL_ENABLE_DEBUG_INFO = INCLUDE_SOURCE;
				MTL_FAST_MATH = YES;
				ONLY_ACTIVE_ARCH = YES;
				SDKROOT = iphoneos;
				SWIFT_ACTIVE_COMPILATION_CONDITIONS = DEBUG;
				SWIFT_OPTIMIZATION_LEVEL = "-Onone";
			};
			name = Debug;
		};
		9BE902F62493C21C001C35EE /* Release */ = {
			isa = XCBuildConfiguration;
			buildSettings = {
				ALWAYS_SEARCH_USER_PATHS = NO;
				CLANG_ANALYZER_NONNULL = YES;
				CLANG_ANALYZER_NUMBER_OBJECT_CONVERSION = YES_AGGRESSIVE;
				CLANG_CXX_LANGUAGE_STANDARD = "gnu++14";
				CLANG_CXX_LIBRARY = "libc++";
				CLANG_ENABLE_MODULES = YES;
				CLANG_ENABLE_OBJC_ARC = YES;
				CLANG_ENABLE_OBJC_WEAK = YES;
				CLANG_WARN_BLOCK_CAPTURE_AUTORELEASING = YES;
				CLANG_WARN_BOOL_CONVERSION = YES;
				CLANG_WARN_COMMA = YES;
				CLANG_WARN_CONSTANT_CONVERSION = YES;
				CLANG_WARN_DEPRECATED_OBJC_IMPLEMENTATIONS = YES;
				CLANG_WARN_DIRECT_OBJC_ISA_USAGE = YES_ERROR;
				CLANG_WARN_DOCUMENTATION_COMMENTS = YES;
				CLANG_WARN_EMPTY_BODY = YES;
				CLANG_WARN_ENUM_CONVERSION = YES;
				CLANG_WARN_INFINITE_RECURSION = YES;
				CLANG_WARN_INT_CONVERSION = YES;
				CLANG_WARN_NON_LITERAL_NULL_CONVERSION = YES;
				CLANG_WARN_OBJC_IMPLICIT_RETAIN_SELF = YES;
				CLANG_WARN_OBJC_LITERAL_CONVERSION = YES;
				CLANG_WARN_OBJC_ROOT_CLASS = YES_ERROR;
				CLANG_WARN_RANGE_LOOP_ANALYSIS = YES;
				CLANG_WARN_STRICT_PROTOTYPES = YES;
				CLANG_WARN_SUSPICIOUS_MOVE = YES;
				CLANG_WARN_UNGUARDED_AVAILABILITY = YES_AGGRESSIVE;
				CLANG_WARN_UNREACHABLE_CODE = YES;
				CLANG_WARN__DUPLICATE_METHOD_MATCH = YES;
				COPY_PHASE_STRIP = NO;
				DEBUG_INFORMATION_FORMAT = "dwarf-with-dsym";
				ENABLE_NS_ASSERTIONS = NO;
				ENABLE_STRICT_OBJC_MSGSEND = YES;
				GCC_C_LANGUAGE_STANDARD = gnu11;
				GCC_NO_COMMON_BLOCKS = YES;
				GCC_WARN_64_TO_32_BIT_CONVERSION = YES;
				GCC_WARN_ABOUT_RETURN_TYPE = YES_ERROR;
				GCC_WARN_UNDECLARED_SELECTOR = YES;
				GCC_WARN_UNINITIALIZED_AUTOS = YES_AGGRESSIVE;
				GCC_WARN_UNUSED_FUNCTION = YES;
				GCC_WARN_UNUSED_VARIABLE = YES;
				IPHONEOS_DEPLOYMENT_TARGET = 13.2;
				MTL_ENABLE_DEBUG_INFO = NO;
				MTL_FAST_MATH = YES;
				SDKROOT = iphoneos;
				SWIFT_COMPILATION_MODE = wholemodule;
				SWIFT_OPTIMIZATION_LEVEL = "-O";
				VALIDATE_PRODUCT = YES;
			};
			name = Release;
		};
		9BE902F82493C21C001C35EE /* Debug */ = {
			isa = XCBuildConfiguration;
			buildSettings = {
				ASSETCATALOG_COMPILER_APPICON_NAME = AppIcon;
				CODE_SIGN_STYLE = Automatic;
				DEVELOPMENT_ASSET_PATHS = "\"IOS Project/Preview Content\"";
				ENABLE_PREVIEWS = YES;
				INFOPLIST_FILE = "IOS Project/Info.plist";
				LD_RUNPATH_SEARCH_PATHS = (
					"$(inherited)",
					"@executable_path/Frameworks",
				);
				PRODUCT_BUNDLE_IDENTIFIER = "test.IOS-Project";
				PRODUCT_NAME = "Rider Assistant";
				SWIFT_VERSION = 5.0;
				TARGETED_DEVICE_FAMILY = "1,2";
			};
			name = Debug;
		};
		9BE902F92493C21C001C35EE /* Release */ = {
			isa = XCBuildConfiguration;
			buildSettings = {
				ASSETCATALOG_COMPILER_APPICON_NAME = AppIcon;
				CODE_SIGN_STYLE = Automatic;
				DEVELOPMENT_ASSET_PATHS = "\"IOS Project/Preview Content\"";
				ENABLE_PREVIEWS = YES;
				INFOPLIST_FILE = "IOS Project/Info.plist";
				LD_RUNPATH_SEARCH_PATHS = (
					"$(inherited)",
					"@executable_path/Frameworks",
				);
				PRODUCT_BUNDLE_IDENTIFIER = "test.IOS-Project";
				PRODUCT_NAME = "Rider Assistant";
				SWIFT_VERSION = 5.0;
				TARGETED_DEVICE_FAMILY = "1,2";
			};
			name = Release;
		};
/* End XCBuildConfiguration section */

/* Begin XCConfigurationList section */
		9BE902DB2493C21B001C35EE /* Build configuration list for PBXProject "Rider Assistant" */ = {
			isa = XCConfigurationList;
			buildConfigurations = (
				9BE902F52493C21C001C35EE /* Debug */,
				9BE902F62493C21C001C35EE /* Release */,
			);
			defaultConfigurationIsVisible = 0;
			defaultConfigurationName = Release;
		};
		9BE902F72493C21C001C35EE /* Build configuration list for PBXNativeTarget "Rider Assistant" */ = {
			isa = XCConfigurationList;
			buildConfigurations = (
				9BE902F82493C21C001C35EE /* Debug */,
				9BE902F92493C21C001C35EE /* Release */,
			);
			defaultConfigurationIsVisible = 0;
			defaultConfigurationName = Release;
		};
/* End XCConfigurationList section */

/* Begin XCVersionGroup section */
		9BE902E72493C21B001C35EE /* IOS_Project.xcdatamodeld */ = {
			isa = XCVersionGroup;
			children = (
				9BE902E82493C21B001C35EE /* IOS_Project.xcdatamodel */,
			);
			currentVersion = 9BE902E82493C21B001C35EE /* IOS_Project.xcdatamodel */;
			path = IOS_Project.xcdatamodeld;
			sourceTree = "<group>";
			versionGroupType = wrapper.xcdatamodel;
		};
/* End XCVersionGroup section */
	};
	rootObject = 9BE902D82493C21B001C35EE /* Project object */;
}
